<?xml version="1.0" encoding="UTF-8"?>
<Scheme
   version = "1.3">
   <BuildAction>
      <BuildActionEntries>
         <BuildActionEntry
            buildForRunning = "YES">
            <BuildableReference
               BuildableIdentifier = "primary"
               BlueprintIdentifier = "9FA8CEF4FA7543175024B33D"
               BuildableName = "Meeting Cost Calculator.app"
               BlueprintName = "Meeting Cost Calculator"
               ReferencedContainer = "container:Meeting Cost Calculator.xcodeproj">
            </BuildableReference>
         </BuildActionEntry>
      </BuildActionEntries>
   </BuildAction>
   <LaunchAction
      useCustomWorkingDirectory = "NO"
      buildConfiguration = "Debug">
      <BuildableProductRunnable>
         <BuildableReference
            BuildableIdentifier = "primary"
            BlueprintIdentifier = "9FA8CEF4FA7543175024B33D"
            BuildableName = "Meeting Cost Calculator.app"
            BlueprintName = "Meeting Cost Calculator"
            ReferencedContainer = "container:Meeting Cost Calculator.xcodeproj">
         </BuildableReference>
      </BuildableProductRunnable>
   </LaunchAction>
</Scheme>
